
Microsoft Visual Studio Solution File, Format Version 12.00
# Visual Studio Version 17
VisualStudioVersion = 17.8.34330.188
MinimumVisualStudioVersion = 10.0.40219.1
Project("{FAE04EC0-301F-11D3-BF4B-00C04F79EFBC}") = "Employee-API", "Employee-API\Employee-API.csproj", "{512CB4E1-F1AE-4055-BA5F-3DEA35608BC0}"
EndProject
Project("{FAE04EC0-301F-11D3-BF4B-00C04F79EFBC}") = "Employee-core", "Employee-core\Employee-core.csproj", "{56FCC993-E360-4E07-9120-7C41DA8BB02A}"
EndProject
Global
	GlobalSection(SolutionConfigurationPlatforms) = preSolution
		Debug|Any CPU = Debug|Any CPU
		Release|Any CPU = Release|Any CPU
	EndGlobalSection
	GlobalSection(ProjectConfigurationPlatforms) = postSolution
		{512CB4E1-F1AE-4055-BA5F-3DEA35608BC0}.Debug|Any CPU.ActiveCfg = Debug|Any CPU
		{512CB4E1-F1AE-4055-BA5F-3DEA35608BC0}.Debug|Any CPU.Build.0 = Debug|Any CPU
		{512CB4E1-F1AE-4055-BA5F-3DEA35608BC0}.Release|Any CPU.ActiveCfg = Release|Any CPU
		{512CB4E1-F1AE-4055-BA5F-3DEA35608BC0}.Release|Any CPU.Build.0 = Release|Any CPU
		{56FCC993-E360-4E07-9120-7C41DA8BB02A}.Debug|Any CPU.ActiveCfg = Debug|Any CPU
		{56FCC993-E360-4E07-9120-7C41DA8BB02A}.Debug|Any CPU.Build.0 = Debug|Any CPU
		{56FCC993-E360-4E07-9120-7C41DA8BB02A}.Release|Any CPU.ActiveCfg = Release|Any CPU
		{56FCC993-E360-4E07-9120-7C41DA8BB02A}.Release|Any CPU.Build.0 = Release|Any CPU
	EndGlobalSection
	GlobalSection(SolutionProperties) = preSolution
		HideSolutionNode = FALSE
	EndGlobalSection
	GlobalSection(ExtensibilityGlobals) = postSolution
		SolutionGuid = {5F90D4D3-B06A-45E7-89CE-FB7D941EF9FF}
	EndGlobalSection
EndGlobal
